
Microsoft Visual Studio Solution File, Format Version 12.00
# Visual Studio Version 16
VisualStudioVersion = 16.0.30413.136
MinimumVisualStudioVersion = 10.0.40219.1
Project("{FAE04EC0-301F-11D3-BF4B-00C04F79EFBC}") = "ListOfCountries", "ListOfCountries\ListOfCountries.csproj", "{549B4523-4F16-484D-A821-11FFDBED96CB}"
EndProject
Global
	GlobalSection(SolutionConfigurationPlatforms) = preSolution
		Debug|Any CPU = Debug|Any CPU
		Release|Any CPU = Release|Any CPU
	EndGlobalSection
	GlobalSection(ProjectConfigurationPlatforms) = postSolution
		{549B4523-4F16-484D-A821-11FFDBED96CB}.Debug|Any CPU.ActiveCfg = Debug|Any CPU
		{549B4523-4F16-484D-A821-11FFDBED96CB}.Debug|Any CPU.Build.0 = Debug|Any CPU
		{549B4523-4F16-484D-A821-11FFDBED96CB}.Release|Any CPU.ActiveCfg = Release|Any CPU
		{549B4523-4F16-484D-A821-11FFDBED96CB}.Release|Any CPU.Build.0 = Release|Any CPU
	EndGlobalSection
	GlobalSection(SolutionProperties) = preSolution
		HideSolutionNode = FALSE
	EndGlobalSection
	GlobalSection(ExtensibilityGlobals) = postSolution
		SolutionGuid = {1980EBEC-29F9-41AE-BE04-6B4CAAA5F570}
	EndGlobalSection
EndGlobal
